
Microsoft Visual Studio Solution File, Format Version 12.00
# Visual Studio Version 17
VisualStudioVersion = 17.10.34928.147
MinimumVisualStudioVersion = 10.0.40219.1
Project("{2150E333-8FDC-42A3-9474-1A3956D46DE8}") = "TreeView Filter", "TreeView Filter", "{4BE49440-BADE-4181-AED8-BD75895689C2}"
EndProject
Project("{FAE04EC0-301F-11D3-BF4B-00C04F79EFBC}") = "TreeviewFilter", "Treeview\TreeviewFilter\TreeviewFilter.csproj", "{3A528068-B6CE-4683-966F-63FF6D91CA92}"
EndProject
Global
	GlobalSection(SolutionConfigurationPlatforms) = preSolution
		Debug|Any CPU = Debug|Any CPU
		Release|Any CPU = Release|Any CPU
	EndGlobalSection
	GlobalSection(ProjectConfigurationPlatforms) = postSolution
		{3A528068-B6CE-4683-966F-63FF6D91CA92}.Debug|Any CPU.ActiveCfg = Debug|Any CPU
		{3A528068-B6CE-4683-966F-63FF6D91CA92}.Debug|Any CPU.Build.0 = Debug|Any CPU
		{3A528068-B6CE-4683-966F-63FF6D91CA92}.Release|Any CPU.ActiveCfg = Release|Any CPU
		{3A528068-B6CE-4683-966F-63FF6D91CA92}.Release|Any CPU.Build.0 = Release|Any CPU
	EndGlobalSection
	GlobalSection(SolutionProperties) = preSolution
		HideSolutionNode = FALSE
	EndGlobalSection
	GlobalSection(NestedProjects) = preSolution
		{3A528068-B6CE-4683-966F-63FF6D91CA92} = {4BE49440-BADE-4181-AED8-BD75895689C2}
	EndGlobalSection
	GlobalSection(ExtensibilityGlobals) = postSolution
		SolutionGuid = {AC36A36C-41AD-4D57-90F7-D75BCB55A820}
	EndGlobalSection
EndGlobal
